
Microsoft Visual Studio Solution File, Format Version 12.00
# Visual Studio Version 17
VisualStudioVersion = 17.10.35013.160
MinimumVisualStudioVersion = 10.0.40219.1
Project("{FAE04EC0-301F-11D3-BF4B-00C04F79EFBC}") = "WindowsFormsApp1", "WindowsFormsApp1\WindowsFormsApp1.csproj", "{5E45A798-611F-45E4-A392-1F8146D69644}"
EndProject
Global
	GlobalSection(SolutionConfigurationPlatforms) = preSolution
		Debug|Any CPU = Debug|Any CPU
		Release|Any CPU = Release|Any CPU
	EndGlobalSection
	GlobalSection(ProjectConfigurationPlatforms) = postSolution
		{5E45A798-611F-45E4-A392-1F8146D69644}.Debug|Any CPU.ActiveCfg = Debug|Any CPU
		{5E45A798-611F-45E4-A392-1F8146D69644}.Debug|Any CPU.Build.0 = Debug|Any CPU
		{5E45A798-611F-45E4-A392-1F8146D69644}.Release|Any CPU.ActiveCfg = Release|Any CPU
		{5E45A798-611F-45E4-A392-1F8146D69644}.Release|Any CPU.Build.0 = Release|Any CPU
	EndGlobalSection
	GlobalSection(SolutionProperties) = preSolution
		HideSolutionNode = FALSE
	EndGlobalSection
	GlobalSection(ExtensibilityGlobals) = postSolution
		SolutionGuid = {4E229168-F4E1-4637-97D0-20BBC91F8497}
	EndGlobalSection
EndGlobal
